{
  "kind": "implementation",
  "lease_id": "7d81e6aa9a90adeb75219b45dc508c37445dafd8",
  "lease_role": "supervisor_maintenance",
  "owner_script": "implementation_supervisor_entry.py",
  "pid": 478401,
  "repo_root": "/home/barberb/lift_coding/.worktrees/ipfs-accelerate-logic-governed-semantic-work-fabric",
  "started_at": "2026-08-16T02:01:09.782127+00:00",
  "state_dir": "/home/barberb/lift_coding/.worktrees/ipfs-accelerate-logic-governed-semantic-work-fabric/data/agent_supervisor/logic_governed_semantic_work_fabric/run-v1/state/lane-2",
  "state_path": "/home/barberb/lift_coding/.worktrees/ipfs-accelerate-logic-governed-semantic-work-fabric/data/agent_supervisor/logic_governed_semantic_work_fabric/run-v1/state/lane-2/lgswf_lane_2_task_state.json"
}
